{
  "name": "infoos",
  "version": "1.0.0",
  "lockfileVersion": 2,
  "requires": true,
  "packages": {
    "": {
      "name": "infoos",
      "version": "1.0.0",
      "license": "MIT",
      "dependencies": {
        "os": "^0.1.1"
      }
    },
    "node_modules/os": {
      "version": "0.1.1",
      "resolved": "https://registry.npmjs.org/os/-/os-0.1.1.tgz",
      "integrity": "sha1-IIhF6J4ZOtTZcUdLk5R3NqVtE/M="
    }
  },
  "dependencies": {
    "os": {
      "version": "0.1.1",
      "resolved": "https://registry.npmjs.org/os/-/os-0.1.1.tgz",
      "integrity": "sha1-IIhF6J4ZOtTZcUdLk5R3NqVtE/M="
    }
  }
}
